
Microsoft Visual Studio Solution File, Format Version 12.00
# Visual Studio Version 17
VisualStudioVersion = 17.14.36202.13
MinimumVisualStudioVersion = 10.0.40219.1
Project("{FAE04EC0-301F-11D3-BF4B-00C04F79EFBC}") = "ChopMedia", "ChopMedia\ChopMedia.csproj", "{FAB1E0CA-5500-4761-9A70-46A8E1C4F37C}"
EndProject
Project("{FAE04EC0-301F-11D3-BF4B-00C04F79EFBC}") = "Monogame.ImGuiNet", "MonoGame.ImGuiNet-main\MonoGame.ImGuiNet\Monogame.ImGuiNet.csproj", "{DC8E9F15-EE3A-9B06-D5FD-FB9DBA6E00FF}"
EndProject
Global
	GlobalSection(SolutionConfigurationPlatforms) = preSolution
		Debug|Any CPU = Debug|Any CPU
		Release|Any CPU = Release|Any CPU
	EndGlobalSection
	GlobalSection(ProjectConfigurationPlatforms) = postSolution
		{FAB1E0CA-5500-4761-9A70-46A8E1C4F37C}.Debug|Any CPU.ActiveCfg = Debug|Any CPU
		{FAB1E0CA-5500-4761-9A70-46A8E1C4F37C}.Debug|Any CPU.Build.0 = Debug|Any CPU
		{FAB1E0CA-5500-4761-9A70-46A8E1C4F37C}.Release|Any CPU.ActiveCfg = Release|Any CPU
		{FAB1E0CA-5500-4761-9A70-46A8E1C4F37C}.Release|Any CPU.Build.0 = Release|Any CPU
		{DC8E9F15-EE3A-9B06-D5FD-FB9DBA6E00FF}.Debug|Any CPU.ActiveCfg = Debug|Any CPU
		{DC8E9F15-EE3A-9B06-D5FD-FB9DBA6E00FF}.Debug|Any CPU.Build.0 = Debug|Any CPU
		{DC8E9F15-EE3A-9B06-D5FD-FB9DBA6E00FF}.Release|Any CPU.ActiveCfg = Release|Any CPU
		{DC8E9F15-EE3A-9B06-D5FD-FB9DBA6E00FF}.Release|Any CPU.Build.0 = Release|Any CPU
	EndGlobalSection
	GlobalSection(SolutionProperties) = preSolution
		HideSolutionNode = FALSE
	EndGlobalSection
	GlobalSection(ExtensibilityGlobals) = postSolution
		SolutionGuid = {7457EB7B-9342-4A4F-8E33-D03FA4838D19}
	EndGlobalSection
EndGlobal
